// !$*UTF8*$!
{
	archiveVersion = 1;
	classes = {
	};
	objectVersion = 56;
	objects = {

/* Begin PBXBuildFile section */
		9A2616902A330400007FF28A /* AR_Ease_SwiftUIApp.swift in Sources */ = {isa = PBXBuildFile; fileRef = 9A26168F2A330400007FF28A /* AR_Ease_SwiftUIApp.swift */; };
		9A2616922A330400007FF28A /* ContentView.swift in Sources */ = {isa = PBXBuildFile; fileRef = 9A2616912A330400007FF28A /* ContentView.swift */; };
		9A2616942A330401007FF28A /* Assets.xcassets in Resources */ = {isa = PBXBuildFile; fileRef = 9A2616932A330401007FF28A /* Assets.xcassets */; };
		9A2616972A330401007FF28A /* Preview Assets.xcassets in Resources */ = {isa = PBXBuildFile; fileRef = 9A2616962A330401007FF28A /* Preview Assets.xcassets */; };
		9A2616A12A330401007FF28A /* AR_Ease_SwiftUITests.swift in Sources */ = {isa = PBXBuildFile; fileRef = 9A2616A02A330401007FF28A /* AR_Ease_SwiftUITests.swift */; };
		9A2616AB2A330401007FF28A /* AR_Ease_SwiftUIUITests.swift in Sources */ = {isa = PBXBuildFile; fileRef = 9A2616AA2A330401007FF28A /* AR_Ease_SwiftUIUITests.swift */; };
		9A2616AD2A330401007FF28A /* AR_Ease_SwiftUIUITestsLaunchTests.swift in Sources */ = {isa = PBXBuildFile; fileRef = 9A2616AC2A330401007FF28A /* AR_Ease_SwiftUIUITestsLaunchTests.swift */; };
		9A2616BA2A3304FE007FF28A /* DataFollowView.swift in Sources */ = {isa = PBXBuildFile; fileRef = 9A2616B92A3304FE007FF28A /* DataFollowView.swift */; };
		9A2616BC2A330514007FF28A /* HomeView.swift in Sources */ = {isa = PBXBuildFile; fileRef = 9A2616BB2A330514007FF28A /* HomeView.swift */; };
		9A2616BE2A330541007FF28A /* SettingView.swift in Sources */ = {isa = PBXBuildFile; fileRef = 9A2616BD2A330541007FF28A /* SettingView.swift */; };
		9A2616C22A364E58007FF28A /* SuggestClassCard.swift in Sources */ = {isa = PBXBuildFile; fileRef = 9A2616C12A364E58007FF28A /* SuggestClassCard.swift */; };
		9A2616C42A36D6B3007FF28A /* ViewControllerCameraView.swift in Sources */ = {isa = PBXBuildFile; fileRef = 9A2616C32A36D6B3007FF28A /* ViewControllerCameraView.swift */; };
		9A2616C62A36D6CA007FF28A /* VideoCapture.swift in Sources */ = {isa = PBXBuildFile; fileRef = 9A2616C52A36D6CA007FF28A /* VideoCapture.swift */; };
		9A2616C82A36D6D2007FF28A /* PosePredictor.swift in Sources */ = {isa = PBXBuildFile; fileRef = 9A2616C72A36D6D2007FF28A /* PosePredictor.swift */; };
		9A2616CA2A36E3E0007FF28A /* TutorialView.swift in Sources */ = {isa = PBXBuildFile; fileRef = 9A2616C92A36E3E0007FF28A /* TutorialView.swift */; };
		9A2616CC2A37163E007FF28A /* GenSenRounded-M.ttc in Resources */ = {isa = PBXBuildFile; fileRef = 9A2616CB2A37163E007FF28A /* GenSenRounded-M.ttc */; };
		9A2616CE2A37164E007FF28A /* GenSenRounded-R.ttc in Resources */ = {isa = PBXBuildFile; fileRef = 9A2616CD2A37164E007FF28A /* GenSenRounded-R.ttc */; };
		9A2616D02A371657007FF28A /* GenSenRounded-B.ttc in Resources */ = {isa = PBXBuildFile; fileRef = 9A2616CF2A371657007FF28A /* GenSenRounded-B.ttc */; };
		9A2616D32A371B3C007FF28A /* CountDownView.swift in Sources */ = {isa = PBXBuildFile; fileRef = 9A2616D22A371B3C007FF28A /* CountDownView.swift */; };
		9A2616D52A3758ED007FF28A /* ChoosePartView.swift in Sources */ = {isa = PBXBuildFile; fileRef = 9A2616D42A3758ED007FF28A /* ChoosePartView.swift */; };
		9A2616D72A375E68007FF28A /* PersonView.swift in Sources */ = {isa = PBXBuildFile; fileRef = 9A2616D62A375E68007FF28A /* PersonView.swift */; };
		9A4CE0862A42E6D80076015D /* ActionListDemo.swift in Sources */ = {isa = PBXBuildFile; fileRef = 9A4CE0852A42E6D80076015D /* ActionListDemo.swift */; };
		9A4CE0882A43198D0076015D /* MyMenuSetUpView.swift in Sources */ = {isa = PBXBuildFile; fileRef = 9A4CE0872A43198D0076015D /* MyMenuSetUpView.swift */; };
		9A4CE0C62A45FE120076015D /* CheckLoginMoodView.swift in Sources */ = {isa = PBXBuildFile; fileRef = 9A4CE0C52A45FE120076015D /* CheckLoginMoodView.swift */; };
		9A4CE0C82A4601BD0076015D /* CheckUsingMood.swift in Sources */ = {isa = PBXBuildFile; fileRef = 9A4CE0C72A4601BD0076015D /* CheckUsingMood.swift */; };
		9A4CE0CB2A462A180076015D /* FirstPageStates.swift in Sources */ = {isa = PBXBuildFile; fileRef = 9A4CE0CA2A462A180076015D /* FirstPageStates.swift */; };
		9A4CE0CE2A4C38380076015D /* HealthStore.swift in Sources */ = {isa = PBXBuildFile; fileRef = 9A4CE0CD2A4C38380076015D /* HealthStore.swift */; };
		9A9689F12A41D1EA00751A90 /* SiteView.swift in Sources */ = {isa = PBXBuildFile; fileRef = 9A9689F02A41D1EA00751A90 /* SiteView.swift */; };
		9A9689F32A42CA2500751A90 /* ChartBarViewDemo.swift in Sources */ = {isa = PBXBuildFile; fileRef = 9A9689F22A42CA2500751A90 /* ChartBarViewDemo.swift */; };
		9A9689F62A42CD0300751A90 /* MayCalendar.swift in Sources */ = {isa = PBXBuildFile; fileRef = 9A9689F52A42CD0300751A90 /* MayCalendar.swift */; };
		9A9689F82A42CD1800751A90 /* MayChart.swift in Sources */ = {isa = PBXBuildFile; fileRef = 9A9689F72A42CD1800751A90 /* MayChart.swift */; };
		9A9689FA2A42CD2300751A90 /* JuneCalendar.swift in Sources */ = {isa = PBXBuildFile; fileRef = 9A9689F92A42CD2300751A90 /* JuneCalendar.swift */; };
		9A9689FC2A42CD2F00751A90 /* JuneChart.swift in Sources */ = {isa = PBXBuildFile; fileRef = 9A9689FB2A42CD2F00751A90 /* JuneChart.swift */; };
		9A9689FE2A42CF0F00751A90 /* ChartValueViewDemo.swift in Sources */ = {isa = PBXBuildFile; fileRef = 9A9689FD2A42CF0F00751A90 /* ChartValueViewDemo.swift */; };
		9AD4048E2A3EF12400A30459 /* GamePageView.swift in Sources */ = {isa = PBXBuildFile; fileRef = 9AD4048D2A3EF12400A30459 /* GamePageView.swift */; };
		9AD404912A3EFF2F00A30459 /* ChooseButtonStates.swift in Sources */ = {isa = PBXBuildFile; fileRef = 9AD404902A3EFF2F00A30459 /* ChooseButtonStates.swift */; };
		9AD404932A3F629900A30459 /* MyMenuView.swift in Sources */ = {isa = PBXBuildFile; fileRef = 9AD404922A3F629900A30459 /* MyMenuView.swift */; };
		9AD404952A40BB5A00A30459 /* FinishResultView.swift in Sources */ = {isa = PBXBuildFile; fileRef = 9AD404942A40BB5A00A30459 /* FinishResultView.swift */; };
		9ADEFCCF2A85E99300603BC7 /* PreparationView.swift in Sources */ = {isa = PBXBuildFile; fileRef = 9ADEFCCE2A85E99300603BC7 /* PreparationView.swift */; };
		9ADEFCD22A874DE900603BC7 /* ClockCountView.swift in Sources */ = {isa = PBXBuildFile; fileRef = 9ADEFCD12A874DE900603BC7 /* ClockCountView.swift */; };
		9AE50F042A3ACDAC004F7F06 /* CalenderView.swift in Sources */ = {isa = PBXBuildFile; fileRef = 9AE50F032A3ACDAC004F7F06 /* CalenderView.swift */; };
		9AE50F072A3ADA26004F7F06 /* DateValue.swift in Sources */ = {isa = PBXBuildFile; fileRef = 9AE50F062A3ADA26004F7F06 /* DateValue.swift */; };
		9AE50F092A3B1FEC004F7F06 /* Record.swift in Sources */ = {isa = PBXBuildFile; fileRef = 9AE50F082A3B1FEC004F7F06 /* Record.swift */; };
		9AE50F0B2A3C0B46004F7F06 /* ChartView.swift in Sources */ = {isa = PBXBuildFile; fileRef = 9AE50F0A2A3C0B46004F7F06 /* ChartView.swift */; };
		9AE50F0D2A3C3667004F7F06 /* ChartCardView.swift in Sources */ = {isa = PBXBuildFile; fileRef = 9AE50F0C2A3C3667004F7F06 /* ChartCardView.swift */; };
		9AE50F0F2A3C36E5004F7F06 /* ChartBarView.swift in Sources */ = {isa = PBXBuildFile; fileRef = 9AE50F0E2A3C36E5004F7F06 /* ChartBarView.swift */; };
		9AE50F112A3CCA2C004F7F06 /* CalenderBelowView.swift in Sources */ = {isa = PBXBuildFile; fileRef = 9AE50F102A3CCA2C004F7F06 /* CalenderBelowView.swift */; };
		9AE50F132A3CE237004F7F06 /* GameFinishView.swift in Sources */ = {isa = PBXBuildFile; fileRef = 9AE50F122A3CE237004F7F06 /* GameFinishView.swift */; };
/* End PBXBuildFile section */

/* Begin PBXContainerItemProxy section */
		9A26169D2A330401007FF28A /* PBXContainerItemProxy */ = {
			isa = PBXContainerItemProxy;
			containerPortal = 9A2616842A330400007FF28A /* Project object */;
			proxyType = 1;
			remoteGlobalIDString = 9A26168B2A330400007FF28A;
			remoteInfo = AR_Ease_SwiftUI;
		};
		9A2616A72A330401007FF28A /* PBXContainerItemProxy */ = {
			isa = PBXContainerItemProxy;
			containerPortal = 9A2616842A330400007FF28A /* Project object */;
			proxyType = 1;
			remoteGlobalIDString = 9A26168B2A330400007FF28A;
			remoteInfo = AR_Ease_SwiftUI;
		};
/* End PBXContainerItemProxy section */

/* Begin PBXFileReference section */
		9A26168C2A330400007FF28A /* AR_Ease_SwiftUI.app */ = {isa = PBXFileReference; explicitFileType = wrapper.application; includeInIndex = 0; path = AR_Ease_SwiftUI.app; sourceTree = BUILT_PRODUCTS_DIR; };
		9A26168F2A330400007FF28A /* AR_Ease_SwiftUIApp.swift */ = {isa = PBXFileReference; lastKnownFileType = sourcecode.swift; path = AR_Ease_SwiftUIApp.swift; sourceTree = "<group>"; };
		9A2616912A330400007FF28A /* ContentView.swift */ = {isa = PBXFileReference; lastKnownFileType = sourcecode.swift; path = ContentView.swift; sourceTree = "<group>"; };
		9A2616932A330401007FF28A /* Assets.xcassets */ = {isa = PBXFileReference; lastKnownFileType = folder.assetcatalog; path = Assets.xcassets; sourceTree = "<group>"; };
		9A2616962A330401007FF28A /* Preview Assets.xcassets */ = {isa = PBXFileReference; lastKnownFileType = folder.assetcatalog; path = "Preview Assets.xcassets"; sourceTree = "<group>"; };
		9A26169C2A330401007FF28A /* AR_Ease_SwiftUITests.xctest */ = {isa = PBXFileReference; explicitFileType = wrapper.cfbundle; includeInIndex = 0; path = AR_Ease_SwiftUITests.xctest; sourceTree = BUILT_PRODUCTS_DIR; };
		9A2616A02A330401007FF28A /* AR_Ease_SwiftUITests.swift */ = {isa = PBXFileReference; lastKnownFileType = sourcecode.swift; path = AR_Ease_SwiftUITests.swift; sourceTree = "<group>"; };
		9A2616A62A330401007FF28A /* AR_Ease_SwiftUIUITests.xctest */ = {isa = PBXFileReference; explicitFileType = wrapper.cfbundle; includeInIndex = 0; path = AR_Ease_SwiftUIUITests.xctest; sourceTree = BUILT_PRODUCTS_DIR; };
		9A2616AA2A330401007FF28A /* AR_Ease_SwiftUIUITests.swift */ = {isa = PBXFileReference; lastKnownFileType = sourcecode.swift; path = AR_Ease_SwiftUIUITests.swift; sourceTree = "<group>"; };
		9A2616AC2A330401007FF28A /* AR_Ease_SwiftUIUITestsLaunchTests.swift */ = {isa = PBXFileReference; lastKnownFileType = sourcecode.swift; path = AR_Ease_SwiftUIUITestsLaunchTests.swift; sourceTree = "<group>"; };
		9A2616B92A3304FE007FF28A /* DataFollowView.swift */ = {isa = PBXFileReference; lastKnownFileType = sourcecode.swift; path = DataFollowView.swift; sourceTree = "<group>"; };
		9A2616BB2A330514007FF28A /* HomeView.swift */ = {isa = PBXFileReference; lastKnownFileType = sourcecode.swift; path = HomeView.swift; sourceTree = "<group>"; };
		9A2616BD2A330541007FF28A /* SettingView.swift */ = {isa = PBXFileReference; lastKnownFileType = sourcecode.swift; path = SettingView.swift; sourceTree = "<group>"; };
		9A2616C12A364E58007FF28A /* SuggestClassCard.swift */ = {isa = PBXFileReference; lastKnownFileType = sourcecode.swift; path = SuggestClassCard.swift; sourceTree = "<group>"; };
		9A2616C32A36D6B3007FF28A /* ViewControllerCameraView.swift */ = {isa = PBXFileReference; fileEncoding = 4; lastKnownFileType = sourcecode.swift; path = ViewControllerCameraView.swift; sourceTree = "<group>"; };
		9A2616C52A36D6CA007FF28A /* VideoCapture.swift */ = {isa = PBXFileReference; fileEncoding = 4; lastKnownFileType = sourcecode.swift; path = VideoCapture.swift; sourceTree = "<group>"; };
		9A2616C72A36D6D2007FF28A /* PosePredictor.swift */ = {isa = PBXFileReference; fileEncoding = 4; lastKnownFileType = sourcecode.swift; path = PosePredictor.swift; sourceTree = "<group>"; };
		9A2616C92A36E3E0007FF28A /* TutorialView.swift */ = {isa = PBXFileReference; lastKnownFileType = sourcecode.swift; path = TutorialView.swift; sourceTree = "<group>"; };
		9A2616CB2A37163E007FF28A /* GenSenRounded-M.ttc */ = {isa = PBXFileReference; lastKnownFileType = file; path = "GenSenRounded-M.ttc"; sourceTree = "<group>"; };
		9A2616CD2A37164E007FF28A /* GenSenRounded-R.ttc */ = {isa = PBXFileReference; lastKnownFileType = file; path = "GenSenRounded-R.ttc"; sourceTree = "<group>"; };
		9A2616CF2A371657007FF28A /* GenSenRounded-B.ttc */ = {isa = PBXFileReference; lastKnownFileType = file; path = "GenSenRounded-B.ttc"; sourceTree = "<group>"; };
		9A2616D12A37170C007FF28A /* AR-Ease-SwiftUI-Info.plist */ = {isa = PBXFileReference; lastKnownFileType = text.plist; path = "AR-Ease-SwiftUI-Info.plist"; sourceTree = SOURCE_ROOT; };
		9A2616D22A371B3C007FF28A /* CountDownView.swift */ = {isa = PBXFileReference; lastKnownFileType = sourcecode.swift; path = CountDownView.swift; sourceTree = "<group>"; };
		9A2616D42A3758ED007FF28A /* ChoosePartView.swift */ = {isa = PBXFileReference; lastKnownFileType = sourcecode.swift; path = ChoosePartView.swift; sourceTree = "<group>"; };
		9A2616D62A375E68007FF28A /* PersonView.swift */ = {isa = PBXFileReference; lastKnownFileType = sourcecode.swift; path = PersonView.swift; sourceTree = "<group>"; };
		9A4CE0852A42E6D80076015D /* ActionListDemo.swift */ = {isa = PBXFileReference; lastKnownFileType = sourcecode.swift; path = ActionListDemo.swift; sourceTree = "<group>"; };
		9A4CE0872A43198D0076015D /* MyMenuSetUpView.swift */ = {isa = PBXFileReference; lastKnownFileType = sourcecode.swift; path = MyMenuSetUpView.swift; sourceTree = "<group>"; };
		9A4CE0C52A45FE120076015D /* CheckLoginMoodView.swift */ = {isa = PBXFileReference; lastKnownFileType = sourcecode.swift; path = CheckLoginMoodView.swift; sourceTree = "<group>"; };
		9A4CE0C72A4601BD0076015D /* CheckUsingMood.swift */ = {isa = PBXFileReference; lastKnownFileType = sourcecode.swift; path = CheckUsingMood.swift; sourceTree = "<group>"; };
		9A4CE0CA2A462A180076015D /* FirstPageStates.swift */ = {isa = PBXFileReference; lastKnownFileType = sourcecode.swift; path = FirstPageStates.swift; sourceTree = "<group>"; };
		9A4CE0CD2A4C38380076015D /* HealthStore.swift */ = {isa = PBXFileReference; lastKnownFileType = sourcecode.swift; path = HealthStore.swift; sourceTree = "<group>"; };
		9A4CE0CF2A4C41600076015D /* AR_Ease_SwiftUI.entitlements */ = {isa = PBXFileReference; lastKnownFileType = text.plist.entitlements; path = AR_Ease_SwiftUI.entitlements; sourceTree = "<group>"; };
		9A9689F02A41D1EA00751A90 /* SiteView.swift */ = {isa = PBXFileReference; lastKnownFileType = sourcecode.swift; path = SiteView.swift; sourceTree = "<group>"; };
		9A9689F22A42CA2500751A90 /* ChartBarViewDemo.swift */ = {isa = PBXFileReference; lastKnownFileType = sourcecode.swift; path = ChartBarViewDemo.swift; sourceTree = "<group>"; };
		9A9689F52A42CD0300751A90 /* MayCalendar.swift */ = {isa = PBXFileReference; lastKnownFileType = sourcecode.swift; path = MayCalendar.swift; sourceTree = "<group>"; };
		9A9689F72A42CD1800751A90 /* MayChart.swift */ = {isa = PBXFileReference; lastKnownFileType = sourcecode.swift; path = MayChart.swift; sourceTree = "<group>"; };
		9A9689F92A42CD2300751A90 /* JuneCalendar.swift */ = {isa = PBXFileReference; lastKnownFileType = sourcecode.swift; path = JuneCalendar.swift; sourceTree = "<group>"; };
		9A9689FB2A42CD2F00751A90 /* JuneChart.swift */ = {isa = PBXFileReference; lastKnownFileType = sourcecode.swift; path = JuneChart.swift; sourceTree = "<group>"; };
		9A9689FD2A42CF0F00751A90 /* ChartValueViewDemo.swift */ = {isa = PBXFileReference; lastKnownFileType = sourcecode.swift; path = ChartValueViewDemo.swift; sourceTree = "<group>"; };
		9AD4048D2A3EF12400A30459 /* GamePageView.swift */ = {isa = PBXFileReference; lastKnownFileType = sourcecode.swift; path = GamePageView.swift; sourceTree = "<group>"; };
		9AD404902A3EFF2F00A30459 /* ChooseButtonStates.swift */ = {isa = PBXFileReference; lastKnownFileType = sourcecode.swift; path = ChooseButtonStates.swift; sourceTree = "<group>"; };
		9AD404922A3F629900A30459 /* MyMenuView.swift */ = {isa = PBXFileReference; lastKnownFileType = sourcecode.swift; path = MyMenuView.swift; sourceTree = "<group>"; };
		9AD404942A40BB5A00A30459 /* FinishResultView.swift */ = {isa = PBXFileReference; lastKnownFileType = sourcecode.swift; path = FinishResultView.swift; sourceTree = "<group>"; };
		9ADEFCCE2A85E99300603BC7 /* PreparationView.swift */ = {isa = PBXFileReference; lastKnownFileType = sourcecode.swift; path = PreparationView.swift; sourceTree = "<group>"; };
		9ADEFCD12A874DE900603BC7 /* ClockCountView.swift */ = {isa = PBXFileReference; lastKnownFileType = sourcecode.swift; path = ClockCountView.swift; sourceTree = "<group>"; };
		9AE50F032A3ACDAC004F7F06 /* CalenderView.swift */ = {isa = PBXFileReference; lastKnownFileType = sourcecode.swift; path = CalenderView.swift; sourceTree = "<group>"; };
		9AE50F062A3ADA26004F7F06 /* DateValue.swift */ = {isa = PBXFileReference; lastKnownFileType = sourcecode.swift; path = DateValue.swift; sourceTree = "<group>"; };
		9AE50F082A3B1FEC004F7F06 /* Record.swift */ = {isa = PBXFileReference; lastKnownFileType = sourcecode.swift; path = Record.swift; sourceTree = "<group>"; };
		9AE50F0A2A3C0B46004F7F06 /* ChartView.swift */ = {isa = PBXFileReference; lastKnownFileType = sourcecode.swift; path = ChartView.swift; sourceTree = "<group>"; };
		9AE50F0C2A3C3667004F7F06 /* ChartCardView.swift */ = {isa = PBXFileReference; lastKnownFileType = sourcecode.swift; path = ChartCardView.swift; sourceTree = "<group>"; };
		9AE50F0E2A3C36E5004F7F06 /* ChartBarView.swift */ = {isa = PBXFileReference; lastKnownFileType = sourcecode.swift; path = ChartBarView.swift; sourceTree = "<group>"; };
		9AE50F102A3CCA2C004F7F06 /* CalenderBelowView.swift */ = {isa = PBXFileReference; lastKnownFileType = sourcecode.swift; path = CalenderBelowView.swift; sourceTree = "<group>"; };
		9AE50F122A3CE237004F7F06 /* GameFinishView.swift */ = {isa = PBXFileReference; lastKnownFileType = sourcecode.swift; path = GameFinishView.swift; sourceTree = "<group>"; };
/* End PBXFileReference section */

/* Begin PBXFrameworksBuildPhase section */
		9A2616892A330400007FF28A /* Frameworks */ = {
			isa = PBXFrameworksBuildPhase;
			buildActionMask = 2147483647;
			files = (
			);
			runOnlyForDeploymentPostprocessing = 0;
		};
		9A2616992A330401007FF28A /* Frameworks */ = {
			isa = PBXFrameworksBuildPhase;
			buildActionMask = 2147483647;
			files = (
			);
			runOnlyForDeploymentPostprocessing = 0;
		};
		9A2616A32A330401007FF28A /* Frameworks */ = {
			isa = PBXFrameworksBuildPhase;
			buildActionMask = 2147483647;
			files = (
			);
			runOnlyForDeploymentPostprocessing = 0;
		};
/* End PBXFrameworksBuildPhase section */

/* Begin PBXGroup section */
		9A2616832A330400007FF28A = {
			isa = PBXGroup;
			children = (
				9A26168E2A330400007FF28A /* AR_Ease_SwiftUI */,
				9A26169F2A330401007FF28A /* AR_Ease_SwiftUITests */,
				9A2616A92A330401007FF28A /* AR_Ease_SwiftUIUITests */,
				9A26168D2A330400007FF28A /* Products */,
			);
			sourceTree = "<group>";
		};
		9A26168D2A330400007FF28A /* Products */ = {
			isa = PBXGroup;
			children = (
				9A26168C2A330400007FF28A /* AR_Ease_SwiftUI.app */,
				9A26169C2A330401007FF28A /* AR_Ease_SwiftUITests.xctest */,
				9A2616A62A330401007FF28A /* AR_Ease_SwiftUIUITests.xctest */,
			);
			name = Products;
			sourceTree = "<group>";
		};
		9A26168E2A330400007FF28A /* AR_Ease_SwiftUI */ = {
			isa = PBXGroup;
			children = (
				9A4CE0CF2A4C41600076015D /* AR_Ease_SwiftUI.entitlements */,
				9A2616D12A37170C007FF28A /* AR-Ease-SwiftUI-Info.plist */,
				9A26168F2A330400007FF28A /* AR_Ease_SwiftUIApp.swift */,
				9A2616912A330400007FF28A /* ContentView.swift */,
				9A4CE0C52A45FE120076015D /* CheckLoginMoodView.swift */,
				9A4CE0C72A4601BD0076015D /* CheckUsingMood.swift */,
				9A2616BB2A330514007FF28A /* HomeView.swift */,
				9A2616BD2A330541007FF28A /* SettingView.swift */,
				9A2616B92A3304FE007FF28A /* DataFollowView.swift */,
				9AE50F0A2A3C0B46004F7F06 /* ChartView.swift */,
				9AE50F0E2A3C36E5004F7F06 /* ChartBarView.swift */,
				9AE50F0C2A3C3667004F7F06 /* ChartCardView.swift */,
				9AE50F032A3ACDAC004F7F06 /* CalenderView.swift */,
				9AE50F102A3CCA2C004F7F06 /* CalenderBelowView.swift */,
				9AE50F052A3ADA05004F7F06 /* Model */,
				9A2616D62A375E68007FF28A /* PersonView.swift */,
				9A2616C12A364E58007FF28A /* SuggestClassCard.swift */,
				9A2616D42A3758ED007FF28A /* ChoosePartView.swift */,
				9A2616C92A36E3E0007FF28A /* TutorialView.swift */,
				9A2616D22A371B3C007FF28A /* CountDownView.swift */,
				9ADEFCD12A874DE900603BC7 /* ClockCountView.swift */,
				9ADEFCD02A85E9B400603BC7 /* PreparePage */,
				9A2616C32A36D6B3007FF28A /* ViewControllerCameraView.swift */,
				9A2616C52A36D6CA007FF28A /* VideoCapture.swift */,
				9A2616C72A36D6D2007FF28A /* PosePredictor.swift */,
				9AD4048D2A3EF12400A30459 /* GamePageView.swift */,
				9AE50F122A3CE237004F7F06 /* GameFinishView.swift */,
				9AD404942A40BB5A00A30459 /* FinishResultView.swift */,
				9AD404922A3F629900A30459 /* MyMenuView.swift */,
				9A4CE0872A43198D0076015D /* MyMenuSetUpView.swift */,
				9A9689F42A42CCB000751A90 /* PictureModel */,
				9A2616932A330401007FF28A /* Assets.xcassets */,
				9A2616CD2A37164E007FF28A /* GenSenRounded-R.ttc */,
				9A2616CB2A37163E007FF28A /* GenSenRounded-M.ttc */,
				9A2616CF2A371657007FF28A /* GenSenRounded-B.ttc */,
				9A2616952A330401007FF28A /* Preview Content */,
			);
			path = AR_Ease_SwiftUI;
			sourceTree = "<group>";
		};
		9A2616952A330401007FF28A /* Preview Content */ = {
			isa = PBXGroup;
			children = (
				9A2616962A330401007FF28A /* Preview Assets.xcassets */,
			);
			path = "Preview Content";
			sourceTree = "<group>";
		};
		9A26169F2A330401007FF28A /* AR_Ease_SwiftUITests */ = {
			isa = PBXGroup;
			children = (
				9A2616A02A330401007FF28A /* AR_Ease_SwiftUITests.swift */,
			);
			path = AR_Ease_SwiftUITests;
			sourceTree = "<group>";
		};
		9A2616A92A330401007FF28A /* AR_Ease_SwiftUIUITests */ = {
			isa = PBXGroup;
			children = (
				9A2616AA2A330401007FF28A /* AR_Ease_SwiftUIUITests.swift */,
				9A2616AC2A330401007FF28A /* AR_Ease_SwiftUIUITestsLaunchTests.swift */,
			);
			path = AR_Ease_SwiftUIUITests;
			sourceTree = "<group>";
		};
		9A4CE0C92A4629E30076015D /* UserStates */ = {
			isa = PBXGroup;
			children = (
				9A4CE0CA2A462A180076015D /* FirstPageStates.swift */,
			);
			path = UserStates;
			sourceTree = "<group>";
		};
		9A9689F42A42CCB000751A90 /* PictureModel */ = {
			isa = PBXGroup;
			children = (
				9A9689F22A42CA2500751A90 /* ChartBarViewDemo.swift */,
				9A9689FD2A42CF0F00751A90 /* ChartValueViewDemo.swift */,
				9A9689F52A42CD0300751A90 /* MayCalendar.swift */,
				9A9689F72A42CD1800751A90 /* MayChart.swift */,
				9A9689F92A42CD2300751A90 /* JuneCalendar.swift */,
				9A9689FB2A42CD2F00751A90 /* JuneChart.swift */,
				9A4CE0852A42E6D80076015D /* ActionListDemo.swift */,
			);
			path = PictureModel;
			sourceTree = "<group>";
		};
		9AD4048F2A3EFEC200A30459 /* ChooseButton */ = {
			isa = PBXGroup;
			children = (
				9AD404902A3EFF2F00A30459 /* ChooseButtonStates.swift */,
			);
			path = ChooseButton;
			sourceTree = "<group>";
		};
		9ADEFCD02A85E9B400603BC7 /* PreparePage */ = {
			isa = PBXGroup;
			children = (
				9ADEFCCE2A85E99300603BC7 /* PreparationView.swift */,
			);
			path = PreparePage;
			sourceTree = "<group>";
		};
		9AE50F052A3ADA05004F7F06 /* Model */ = {
			isa = PBXGroup;
			children = (
				9A4CE0C92A4629E30076015D /* UserStates */,
				9AD4048F2A3EFEC200A30459 /* ChooseButton */,
				9AE50F062A3ADA26004F7F06 /* DateValue.swift */,
				9AE50F082A3B1FEC004F7F06 /* Record.swift */,
				9A9689F02A41D1EA00751A90 /* SiteView.swift */,
				9A4CE0CD2A4C38380076015D /* HealthStore.swift */,
			);
			path = Model;
			sourceTree = "<group>";
		};
/* End PBXGroup section */

/* Begin PBXNativeTarget section */
		9A26168B2A330400007FF28A /* AR_Ease_SwiftUI */ = {
			isa = PBXNativeTarget;
			buildConfigurationList = 9A2616B02A330401007FF28A /* Build configuration list for PBXNativeTarget "AR_Ease_SwiftUI" */;
			buildPhases = (
				9A2616882A330400007FF28A /* Sources */,
				9A2616892A330400007FF28A /* Frameworks */,
				9A26168A2A330400007FF28A /* Resources */,
			);
			buildRules = (
			);
			dependencies = (
			);
			name = AR_Ease_SwiftUI;
			productName = AR_Ease_SwiftUI;
			productReference = 9A26168C2A330400007FF28A /* AR_Ease_SwiftUI.app */;
			productType = "com.apple.product-type.application";
		};
		9A26169B2A330401007FF28A /* AR_Ease_SwiftUITests */ = {
			isa = PBXNativeTarget;
			buildConfigurationList = 9A2616B32A330401007FF28A /* Build configuration list for PBXNativeTarget "AR_Ease_SwiftUITests" */;
			buildPhases = (
				9A2616982A330401007FF28A /* Sources */,
				9A2616992A330401007FF28A /* Frameworks */,
				9A26169A2A330401007FF28A /* Resources */,
			);
			buildRules = (
			);
			dependencies = (
				9A26169E2A330401007FF28A /* PBXTargetDependency */,
			);
			name = AR_Ease_SwiftUITests;
			productName = AR_Ease_SwiftUITests;
			productReference = 9A26169C2A330401007FF28A /* AR_Ease_SwiftUITests.xctest */;
			productType = "com.apple.product-type.bundle.unit-test";
		};
		9A2616A52A330401007FF28A /* AR_Ease_SwiftUIUITests */ = {
			isa = PBXNativeTarget;
			buildConfigurationList = 9A2616B62A330401007FF28A /* Build configuration list for PBXNativeTarget "AR_Ease_SwiftUIUITests" */;
			buildPhases = (
				9A2616A22A330401007FF28A /* Sources */,
				9A2616A32A330401007FF28A /* Frameworks */,
				9A2616A42A330401007FF28A /* Resources */,
			);
			buildRules = (
			);
			dependencies = (
				9A2616A82A330401007FF28A /* PBXTargetDependency */,
			);
			name = AR_Ease_SwiftUIUITests;
			productName = AR_Ease_SwiftUIUITests;
			productReference = 9A2616A62A330401007FF28A /* AR_Ease_SwiftUIUITests.xctest */;
			productType = "com.apple.product-type.bundle.ui-testing";
		};
/* End PBXNativeTarget section */

/* Begin PBXProject section */
		9A2616842A330400007FF28A /* Project object */ = {
			isa = PBXProject;
			attributes = {
				BuildIndependentTargetsInParallel = 1;
				LastSwiftUpdateCheck = 1430;
				LastUpgradeCheck = 1430;
				TargetAttributes = {
					9A26168B2A330400007FF28A = {
						CreatedOnToolsVersion = 14.3.1;
					};
					9A26169B2A330401007FF28A = {
						CreatedOnToolsVersion = 14.3.1;
						TestTargetID = 9A26168B2A330400007FF28A;
					};
					9A2616A52A330401007FF28A = {
						CreatedOnToolsVersion = 14.3.1;
						TestTargetID = 9A26168B2A330400007FF28A;
					};
				};
			};
			buildConfigurationList = 9A2616872A330400007FF28A /* Build configuration list for PBXProject "AR_Ease_SwiftUI" */;
			compatibilityVersion = "Xcode 14.0";
			developmentRegion = en;
			hasScannedForEncodings = 0;
			knownRegions = (
				en,
				Base,
			);
			mainGroup = 9A2616832A330400007FF28A;
			productRefGroup = 9A26168D2A330400007FF28A /* Products */;
			projectDirPath = "";
			projectRoot = "";
			targets = (
				9A26168B2A330400007FF28A /* AR_Ease_SwiftUI */,
				9A26169B2A330401007FF28A /* AR_Ease_SwiftUITests */,
				9A2616A52A330401007FF28A /* AR_Ease_SwiftUIUITests */,
			);
		};
/* End PBXProject section */

/* Begin PBXResourcesBuildPhase section */
		9A26168A2A330400007FF28A /* Resources */ = {
			isa = PBXResourcesBuildPhase;
			buildActionMask = 2147483647;
			files = (
				9A2616CE2A37164E007FF28A /* GenSenRounded-R.ttc in Resources */,
				9A2616D02A371657007FF28A /* GenSenRounded-B.ttc in Resources */,
				9A2616CC2A37163E007FF28A /* GenSenRounded-M.ttc in Resources */,
				9A2616972A330401007FF28A /* Preview Assets.xcassets in Resources */,
				9A2616942A330401007FF28A /* Assets.xcassets in Resources */,
			);
			runOnlyForDeploymentPostprocessing = 0;
		};
		9A26169A2A330401007FF28A /* Resources */ = {
			isa = PBXResourcesBuildPhase;
			buildActionMask = 2147483647;
			files = (
			);
			runOnlyForDeploymentPostprocessing = 0;
		};
		9A2616A42A330401007FF28A /* Resources */ = {
			isa = PBXResourcesBuildPhase;
			buildActionMask = 2147483647;
			files = (
			);
			runOnlyForDeploymentPostprocessing = 0;
		};
/* End PBXResourcesBuildPhase section */

/* Begin PBXSourcesBuildPhase section */
		9A2616882A330400007FF28A /* Sources */ = {
			isa = PBXSourcesBuildPhase;
			buildActionMask = 2147483647;
			files = (
				9A2616C82A36D6D2007FF28A /* PosePredictor.swift in Sources */,
				9AD404932A3F629900A30459 /* MyMenuView.swift in Sources */,
				9A9689FE2A42CF0F00751A90 /* ChartValueViewDemo.swift in Sources */,
				9ADEFCCF2A85E99300603BC7 /* PreparationView.swift in Sources */,
				9A2616C62A36D6CA007FF28A /* VideoCapture.swift in Sources */,
				9A2616BA2A3304FE007FF28A /* DataFollowView.swift in Sources */,
				9A2616C22A364E58007FF28A /* SuggestClassCard.swift in Sources */,
				9ADEFCD22A874DE900603BC7 /* ClockCountView.swift in Sources */,
				9A9689F12A41D1EA00751A90 /* SiteView.swift in Sources */,
				9AE50F112A3CCA2C004F7F06 /* CalenderBelowView.swift in Sources */,
				9A2616BE2A330541007FF28A /* SettingView.swift in Sources */,
				9AE50F0D2A3C3667004F7F06 /* ChartCardView.swift in Sources */,
				9A9689F32A42CA2500751A90 /* ChartBarViewDemo.swift in Sources */,
				9A4CE0C62A45FE120076015D /* CheckLoginMoodView.swift in Sources */,
				9A9689F82A42CD1800751A90 /* MayChart.swift in Sources */,
				9AD404952A40BB5A00A30459 /* FinishResultView.swift in Sources */,
				9AD404912A3EFF2F00A30459 /* ChooseButtonStates.swift in Sources */,
				9A4CE0862A42E6D80076015D /* ActionListDemo.swift in Sources */,
				9AD4048E2A3EF12400A30459 /* GamePageView.swift in Sources */,
				9A9689F62A42CD0300751A90 /* MayCalendar.swift in Sources */,
				9A2616BC2A330514007FF28A /* HomeView.swift in Sources */,
				9AE50F092A3B1FEC004F7F06 /* Record.swift in Sources */,
				9A2616D52A3758ED007FF28A /* ChoosePartView.swift in Sources */,
				9A2616C42A36D6B3007FF28A /* ViewControllerCameraView.swift in Sources */,
				9A2616922A330400007FF28A /* ContentView.swift in Sources */,
				9A4CE0CE2A4C38380076015D /* HealthStore.swift in Sources */,
				9AE50F0B2A3C0B46004F7F06 /* ChartView.swift in Sources */,
				9AE50F132A3CE237004F7F06 /* GameFinishView.swift in Sources */,
				9AE50F072A3ADA26004F7F06 /* DateValue.swift in Sources */,
				9A4CE0C82A4601BD0076015D /* CheckUsingMood.swift in Sources */,
				9A9689FC2A42CD2F00751A90 /* JuneChart.swift in Sources */,
				9A4CE0882A43198D0076015D /* MyMenuSetUpView.swift in Sources */,
				9A2616D72A375E68007FF28A /* PersonView.swift in Sources */,
				9AE50F042A3ACDAC004F7F06 /* CalenderView.swift in Sources */,
				9A4CE0CB2A462A180076015D /* FirstPageStates.swift in Sources */,
				9A2616CA2A36E3E0007FF28A /* TutorialView.swift in Sources */,
				9A2616902A330400007FF28A /* AR_Ease_SwiftUIApp.swift in Sources */,
				9A9689FA2A42CD2300751A90 /* JuneCalendar.swift in Sources */,
				9AE50F0F2A3C36E5004F7F06 /* ChartBarView.swift in Sources */,
				9A2616D32A371B3C007FF28A /* CountDownView.swift in Sources */,
			);
			runOnlyForDeploymentPostprocessing = 0;
		};
		9A2616982A330401007FF28A /* Sources */ = {
			isa = PBXSourcesBuildPhase;
			buildActionMask = 2147483647;
			files = (
				9A2616A12A330401007FF28A /* AR_Ease_SwiftUITests.swift in Sources */,
			);
			runOnlyForDeploymentPostprocessing = 0;
		};
		9A2616A22A330401007FF28A /* Sources */ = {
			isa = PBXSourcesBuildPhase;
			buildActionMask = 2147483647;
			files = (
				9A2616AB2A330401007FF28A /* AR_Ease_SwiftUIUITests.swift in Sources */,
				9A2616AD2A330401007FF28A /* AR_Ease_SwiftUIUITestsLaunchTests.swift in Sources */,
			);
			runOnlyForDeploymentPostprocessing = 0;
		};
/* End PBXSourcesBuildPhase section */

/* Begin PBXTargetDependency section */
		9A26169E2A330401007FF28A /* PBXTargetDependency */ = {
			isa = PBXTargetDependency;
			target = 9A26168B2A330400007FF28A /* AR_Ease_SwiftUI */;
			targetProxy = 9A26169D2A330401007FF28A /* PBXContainerItemProxy */;
		};
		9A2616A82A330401007FF28A /* PBXTargetDependency */ = {
			isa = PBXTargetDependency;
			target = 9A26168B2A330400007FF28A /* AR_Ease_SwiftUI */;
			targetProxy = 9A2616A72A330401007FF28A /* PBXContainerItemProxy */;
		};
/* End PBXTargetDependency section */

/* Begin XCBuildConfiguration section */
		9A2616AE2A330401007FF28A /* Debug */ = {
			isa = XCBuildConfiguration;
			buildSettings = {
				ALWAYS_SEARCH_USER_PATHS = NO;
				CLANG_ANALYZER_NONNULL = YES;
				CLANG_ANALYZER_NUMBER_OBJECT_CONVERSION = YES_AGGRESSIVE;
				CLANG_CXX_LANGUAGE_STANDARD = "gnu++20";
				CLANG_ENABLE_MODULES = YES;
				CLANG_ENABLE_OBJC_ARC = YES;
				CLANG_ENABLE_OBJC_WEAK = YES;
				CLANG_WARN_BLOCK_CAPTURE_AUTORELEASING = YES;
				CLANG_WARN_BOOL_CONVERSION = YES;
				CLANG_WARN_COMMA = YES;
				CLANG_WARN_CONSTANT_CONVERSION = YES;
				CLANG_WARN_DEPRECATED_OBJC_IMPLEMENTATIONS = YES;
				CLANG_WARN_DIRECT_OBJC_ISA_USAGE = YES_ERROR;
				CLANG_WARN_DOCUMENTATION_COMMENTS = YES;
				CLANG_WARN_EMPTY_BODY = YES;
				CLANG_WARN_ENUM_CONVERSION = YES;
				CLANG_WARN_INFINITE_RECURSION = YES;
				CLANG_WARN_INT_CONVERSION = YES;
				CLANG_WARN_NON_LITERAL_NULL_CONVERSION = YES;
				CLANG_WARN_OBJC_IMPLICIT_RETAIN_SELF = YES;
				CLANG_WARN_OBJC_LITERAL_CONVERSION = YES;
				CLANG_WARN_OBJC_ROOT_CLASS = YES_ERROR;
				CLANG_WARN_QUOTED_INCLUDE_IN_FRAMEWORK_HEADER = YES;
				CLANG_WARN_RANGE_LOOP_ANALYSIS = YES;
				CLANG_WARN_STRICT_PROTOTYPES = YES;
				CLANG_WARN_SUSPICIOUS_MOVE = YES;
				CLANG_WARN_UNGUARDED_AVAILABILITY = YES_AGGRESSIVE;
				CLANG_WARN_UNREACHABLE_CODE = YES;
				CLANG_WARN__DUPLICATE_METHOD_MATCH = YES;
				COPY_PHASE_STRIP = NO;
				DEBUG_INFORMATION_FORMAT = dwarf;
				ENABLE_STRICT_OBJC_MSGSEND = YES;
				ENABLE_TESTABILITY = YES;
				GCC_C_LANGUAGE_STANDARD = gnu11;
				GCC_DYNAMIC_NO_PIC = NO;
				GCC_NO_COMMON_BLOCKS = YES;
				GCC_OPTIMIZATION_LEVEL = 0;
				GCC_PREPROCESSOR_DEFINITIONS = (
					"DEBUG=1",
					"$(inherited)",
				);
				GCC_WARN_64_TO_32_BIT_CONVERSION = YES;
				GCC_WARN_ABOUT_RETURN_TYPE = YES_ERROR;
				GCC_WARN_UNDECLARED_SELECTOR = YES;
				GCC_WARN_UNINITIALIZED_AUTOS = YES_AGGRESSIVE;
				GCC_WARN_UNUSED_FUNCTION = YES;
				GCC_WARN_UNUSED_VARIABLE = YES;
				IPHONEOS_DEPLOYMENT_TARGET = 16.4;
				MTL_ENABLE_DEBUG_INFO = INCLUDE_SOURCE;
				MTL_FAST_MATH = YES;
				ONLY_ACTIVE_ARCH = YES;
				SDKROOT = iphoneos;
				SWIFT_ACTIVE_COMPILATION_CONDITIONS = DEBUG;
				SWIFT_OPTIMIZATION_LEVEL = "-Onone";
			};
			name = Debug;
		};
		9A2616AF2A330401007FF28A /* Release */ = {
			isa = XCBuildConfiguration;
			buildSettings = {
				ALWAYS_SEARCH_USER_PATHS = NO;
				CLANG_ANALYZER_NONNULL = YES;
				CLANG_ANALYZER_NUMBER_OBJECT_CONVERSION = YES_AGGRESSIVE;
				CLANG_CXX_LANGUAGE_STANDARD = "gnu++20";
				CLANG_ENABLE_MODULES = YES;
				CLANG_ENABLE_OBJC_ARC = YES;
				CLANG_ENABLE_OBJC_WEAK = YES;
				CLANG_WARN_BLOCK_CAPTURE_AUTORELEASING = YES;
				CLANG_WARN_BOOL_CONVERSION = YES;
				CLANG_WARN_COMMA = YES;
				CLANG_WARN_CONSTANT_CONVERSION = YES;
				CLANG_WARN_DEPRECATED_OBJC_IMPLEMENTATIONS = YES;
				CLANG_WARN_DIRECT_OBJC_ISA_USAGE = YES_ERROR;
				CLANG_WARN_DOCUMENTATION_COMMENTS = YES;
				CLANG_WARN_EMPTY_BODY = YES;
				CLANG_WARN_ENUM_CONVERSION = YES;
				CLANG_WARN_INFINITE_RECURSION = YES;
				CLANG_WARN_INT_CONVERSION = YES;
				CLANG_WARN_NON_LITERAL_NULL_CONVERSION = YES;
				CLANG_WARN_OBJC_IMPLICIT_RETAIN_SELF = YES;
				CLANG_WARN_OBJC_LITERAL_CONVERSION = YES;
				CLANG_WARN_OBJC_ROOT_CLASS = YES_ERROR;
				CLANG_WARN_QUOTED_INCLUDE_IN_FRAMEWORK_HEADER = YES;
				CLANG_WARN_RANGE_LOOP_ANALYSIS = YES;
				CLANG_WARN_STRICT_PROTOTYPES = YES;
				CLANG_WARN_SUSPICIOUS_MOVE = YES;
				CLANG_WARN_UNGUARDED_AVAILABILITY = YES_AGGRESSIVE;
				CLANG_WARN_UNREACHABLE_CODE = YES;
				CLANG_WARN__DUPLICATE_METHOD_MATCH = YES;
				COPY_PHASE_STRIP = NO;
				DEBUG_INFORMATION_FORMAT = "dwarf-with-dsym";
				ENABLE_NS_ASSERTIONS = NO;
				ENABLE_STRICT_OBJC_MSGSEND = YES;
				GCC_C_LANGUAGE_STANDARD = gnu11;
				GCC_NO_COMMON_BLOCKS = YES;
				GCC_WARN_64_TO_32_BIT_CONVERSION = YES;
				GCC_WARN_ABOUT_RETURN_TYPE = YES_ERROR;
				GCC_WARN_UNDECLARED_SELECTOR = YES;
				GCC_WARN_UNINITIALIZED_AUTOS = YES_AGGRESSIVE;
				GCC_WARN_UNUSED_FUNCTION = YES;
				GCC_WARN_UNUSED_VARIABLE = YES;
				IPHONEOS_DEPLOYMENT_TARGET = 16.4;
				MTL_ENABLE_DEBUG_INFO = NO;
				MTL_FAST_MATH = YES;
				SDKROOT = iphoneos;
				SWIFT_COMPILATION_MODE = wholemodule;
				SWIFT_OPTIMIZATION_LEVEL = "-O";
				VALIDATE_PRODUCT = YES;
			};
			name = Release;
		};
		9A2616B12A330401007FF28A /* Debug */ = {
			isa = XCBuildConfiguration;
			buildSettings = {
				ASSETCATALOG_COMPILER_APPICON_NAME = AppIcon;
				ASSETCATALOG_COMPILER_GLOBAL_ACCENT_COLOR_NAME = AccentColor;
				CODE_SIGN_ENTITLEMENTS = AR_Ease_SwiftUI/AR_Ease_SwiftUI.entitlements;
				CODE_SIGN_STYLE = Automatic;
				CURRENT_PROJECT_VERSION = 1;
				DEVELOPMENT_ASSET_PATHS = "\"AR_Ease_SwiftUI/Preview Content\"";
				DEVELOPMENT_TEAM = 4QP64UP44Y;
				ENABLE_PREVIEWS = YES;
				GENERATE_INFOPLIST_FILE = YES;
				INFOPLIST_FILE = "AR-Ease-SwiftUI-Info.plist";
				INFOPLIST_KEY_LSApplicationCategoryType = "public.app-category.healthcare-fitness";
				INFOPLIST_KEY_NSCameraUsageDescription = "允許使用相機功能";
				INFOPLIST_KEY_NSHealthShareUsageDescription = "允許使用 HealthKit 的資料";
				INFOPLIST_KEY_NSHealthUpdateUsageDescription = "允許使用 HealthKit 的資料";
				INFOPLIST_KEY_UIApplicationSceneManifest_Generation = YES;
				INFOPLIST_KEY_UIApplicationSupportsIndirectInputEvents = YES;
				INFOPLIST_KEY_UILaunchScreen_Generation = YES;
				INFOPLIST_KEY_UISupportedInterfaceOrientations = "UIInterfaceOrientationLandscapeLeft UIInterfaceOrientationLandscapeRight UIInterfaceOrientationPortrait UIInterfaceOrientationPortraitUpsideDown";
				IPHONEOS_DEPLOYMENT_TARGET = 16.0;
				LD_RUNPATH_SEARCH_PATHS = (
					"$(inherited)",
					"@executable_path/Frameworks",
				);
				MARKETING_VERSION = 1.0;
				PRODUCT_BUNDLE_IDENTIFIER = "com.delask.AR-Ease-SwiftUI";
				PRODUCT_NAME = "$(TARGET_NAME)";
				SWIFT_EMIT_LOC_STRINGS = YES;
				SWIFT_VERSION = 5.0;
				TARGETED_DEVICE_FAMILY = "1,2";
			};
			name = Debug;
		};
		9A2616B22A330401007FF28A /* Release */ = {
			isa = XCBuildConfiguration;
			buildSettings = {
				ASSETCATALOG_COMPILER_APPICON_NAME = AppIcon;
				ASSETCATALOG_COMPILER_GLOBAL_ACCENT_COLOR_NAME = AccentColor;
				CODE_SIGN_ENTITLEMENTS = AR_Ease_SwiftUI/AR_Ease_SwiftUI.entitlements;
				CODE_SIGN_STYLE = Automatic;
				CURRENT_PROJECT_VERSION = 1;
				DEVELOPMENT_ASSET_PATHS = "\"AR_Ease_SwiftUI/Preview Content\"";
				DEVELOPMENT_TEAM = 4QP64UP44Y;
				ENABLE_PREVIEWS = YES;
				GENERATE_INFOPLIST_FILE = YES;
				INFOPLIST_FILE = "AR-Ease-SwiftUI-Info.plist";
				INFOPLIST_KEY_LSApplicationCategoryType = "public.app-category.healthcare-fitness";
				INFOPLIST_KEY_NSCameraUsageDescription = "允許使用相機功能";
				INFOPLIST_KEY_NSHealthShareUsageDescription = "允許使用 HealthKit 的資料";
				INFOPLIST_KEY_NSHealthUpdateUsageDescription = "允許使用 HealthKit 的資料";
				INFOPLIST_KEY_UIApplicationSceneManifest_Generation = YES;
				INFOPLIST_KEY_UIApplicationSupportsIndirectInputEvents = YES;
				INFOPLIST_KEY_UILaunchScreen_Generation = YES;
				INFOPLIST_KEY_UISupportedInterfaceOrientations = "UIInterfaceOrientationLandscapeLeft UIInterfaceOrientationLandscapeRight UIInterfaceOrientationPortrait UIInterfaceOrientationPortraitUpsideDown";
				IPHONEOS_DEPLOYMENT_TARGET = 16.0;
				LD_RUNPATH_SEARCH_PATHS = (
					"$(inherited)",
					"@executable_path/Frameworks",
				);
				MARKETING_VERSION = 1.0;
				PRODUCT_BUNDLE_IDENTIFIER = "com.delask.AR-Ease-SwiftUI";
				PRODUCT_NAME = "$(TARGET_NAME)";
				SWIFT_EMIT_LOC_STRINGS = YES;
				SWIFT_VERSION = 5.0;
				TARGETED_DEVICE_FAMILY = "1,2";
			};
			name = Release;
		};
		9A2616B42A330401007FF28A /* Debug */ = {
			isa = XCBuildConfiguration;
			buildSettings = {
				ALWAYS_EMBED_SWIFT_STANDARD_LIBRARIES = YES;
				BUNDLE_LOADER = "$(TEST_HOST)";
				CODE_SIGN_STYLE = Automatic;
				CURRENT_PROJECT_VERSION = 1;
				DEVELOPMENT_TEAM = 4QP64UP44Y;
				GENERATE_INFOPLIST_FILE = YES;
				IPHONEOS_DEPLOYMENT_TARGET = 16.4;
				MARKETING_VERSION = 1.0;
				PRODUCT_BUNDLE_IDENTIFIER = "com.delask.AR-Ease-SwiftUITests";
				PRODUCT_NAME = "$(TARGET_NAME)";
				SWIFT_EMIT_LOC_STRINGS = NO;
				SWIFT_VERSION = 5.0;
				TARGETED_DEVICE_FAMILY = "1,2";
				TEST_HOST = "$(BUILT_PRODUCTS_DIR)/AR_Ease_SwiftUI.app/$(BUNDLE_EXECUTABLE_FOLDER_PATH)/AR_Ease_SwiftUI";
			};
			name = Debug;
		};
		9A2616B52A330401007FF28A /* Release */ = {
			isa = XCBuildConfiguration;
			buildSettings = {
				ALWAYS_EMBED_SWIFT_STANDARD_LIBRARIES = YES;
				BUNDLE_LOADER = "$(TEST_HOST)";
				CODE_SIGN_STYLE = Automatic;
				CURRENT_PROJECT_VERSION = 1;
				DEVELOPMENT_TEAM = 4QP64UP44Y;
				GENERATE_INFOPLIST_FILE = YES;
				IPHONEOS_DEPLOYMENT_TARGET = 16.4;
				MARKETING_VERSION = 1.0;
				PRODUCT_BUNDLE_IDENTIFIER = "com.delask.AR-Ease-SwiftUITests";
				PRODUCT_NAME = "$(TARGET_NAME)";
				SWIFT_EMIT_LOC_STRINGS = NO;
				SWIFT_VERSION = 5.0;
				TARGETED_DEVICE_FAMILY = "1,2";
				TEST_HOST = "$(BUILT_PRODUCTS_DIR)/AR_Ease_SwiftUI.app/$(BUNDLE_EXECUTABLE_FOLDER_PATH)/AR_Ease_SwiftUI";
			};
			name = Release;
		};
		9A2616B72A330401007FF28A /* Debug */ = {
			isa = XCBuildConfiguration;
			buildSettings = {
				ALWAYS_EMBED_SWIFT_STANDARD_LIBRARIES = YES;
				CODE_SIGN_STYLE = Automatic;
				CURRENT_PROJECT_VERSION = 1;
				DEVELOPMENT_TEAM = 4QP64UP44Y;
				GENERATE_INFOPLIST_FILE = YES;
				MARKETING_VERSION = 1.0;
				PRODUCT_BUNDLE_IDENTIFIER = "com.delask.AR-Ease-SwiftUIUITests";
				PRODUCT_NAME = "$(TARGET_NAME)";
				SWIFT_EMIT_LOC_STRINGS = NO;
				SWIFT_VERSION = 5.0;
				TARGETED_DEVICE_FAMILY = "1,2";
				TEST_TARGET_NAME = AR_Ease_SwiftUI;
			};
			name = Debug;
		};
		9A2616B82A330401007FF28A /* Release */ = {
			isa = XCBuildConfiguration;
			buildSettings = {
				ALWAYS_EMBED_SWIFT_STANDARD_LIBRARIES = YES;
				CODE_SIGN_STYLE = Automatic;
				CURRENT_PROJECT_VERSION = 1;
				DEVELOPMENT_TEAM = 4QP64UP44Y;
				GENERATE_INFOPLIST_FILE = YES;
				MARKETING_VERSION = 1.0;
				PRODUCT_BUNDLE_IDENTIFIER = "com.delask.AR-Ease-SwiftUIUITests";
				PRODUCT_NAME = "$(TARGET_NAME)";
				SWIFT_EMIT_LOC_STRINGS = NO;
				SWIFT_VERSION = 5.0;
				TARGETED_DEVICE_FAMILY = "1,2";
				TEST_TARGET_NAME = AR_Ease_SwiftUI;
			};
			name = Release;
		};
/* End XCBuildConfiguration section */

/* Begin XCConfigurationList section */
		9A2616872A330400007FF28A /* Build configuration list for PBXProject "AR_Ease_SwiftUI" */ = {
			isa = XCConfigurationList;
			buildConfigurations = (
				9A2616AE2A330401007FF28A /* Debug */,
				9A2616AF2A330401007FF28A /* Release */,
			);
			defaultConfigurationIsVisible = 0;
			defaultConfigurationName = Release;
		};
		9A2616B02A330401007FF28A /* Build configuration list for PBXNativeTarget "AR_Ease_SwiftUI" */ = {
			isa = XCConfigurationList;
			buildConfigurations = (
				9A2616B12A330401007FF28A /* Debug */,
				9A2616B22A330401007FF28A /* Release */,
			);
			defaultConfigurationIsVisible = 0;
			defaultConfigurationName = Release;
		};
		9A2616B32A330401007FF28A /* Build configuration list for PBXNativeTarget "AR_Ease_SwiftUITests" */ = {
			isa = XCConfigurationList;
			buildConfigurations = (
				9A2616B42A330401007FF28A /* Debug */,
				9A2616B52A330401007FF28A /* Release */,
			);
			defaultConfigurationIsVisible = 0;
			defaultConfigurationName = Release;
		};
		9A2616B62A330401007FF28A /* Build configuration list for PBXNativeTarget "AR_Ease_SwiftUIUITests" */ = {
			isa = XCConfigurationList;
			buildConfigurations = (
				9A2616B72A330401007FF28A /* Debug */,
				9A2616B82A330401007FF28A /* Release */,
			);
			defaultConfigurationIsVisible = 0;
			defaultConfigurationName = Release;
		};
/* End XCConfigurationList section */
	};
	rootObject = 9A2616842A330400007FF28A /* Project object */;
}
